
Microsoft Visual Studio Solution File, Format Version 12.00
# Visual Studio Version 16
VisualStudioVersion = 16.0.28803.202
MinimumVisualStudioVersion = 10.0.40219.1
Project("{FAE04EC0-301F-11D3-BF4B-00C04F79EFBC}") = "MyListClass", "MyListClass\MyListClass.csproj", "{5A83FB85-FAB7-4A2E-A34B-B940A14E8015}"
EndProject
Project("{FAE04EC0-301F-11D3-BF4B-00C04F79EFBC}") = "MyListTests", "MyListTests\MyListTests.csproj", "{039F11AE-F40F-45CE-A72D-B806D2F20297}"
EndProject
Global
	GlobalSection(SolutionConfigurationPlatforms) = preSolution
		Debug|Any CPU = Debug|Any CPU
		Release|Any CPU = Release|Any CPU
	EndGlobalSection
	GlobalSection(ProjectConfigurationPlatforms) = postSolution
		{5A83FB85-FAB7-4A2E-A34B-B940A14E8015}.Debug|Any CPU.ActiveCfg = Debug|Any CPU
		{5A83FB85-FAB7-4A2E-A34B-B940A14E8015}.Debug|Any CPU.Build.0 = Debug|Any CPU
		{5A83FB85-FAB7-4A2E-A34B-B940A14E8015}.Release|Any CPU.ActiveCfg = Release|Any CPU
		{5A83FB85-FAB7-4A2E-A34B-B940A14E8015}.Release|Any CPU.Build.0 = Release|Any CPU
		{039F11AE-F40F-45CE-A72D-B806D2F20297}.Debug|Any CPU.ActiveCfg = Debug|Any CPU
		{039F11AE-F40F-45CE-A72D-B806D2F20297}.Debug|Any CPU.Build.0 = Debug|Any CPU
		{039F11AE-F40F-45CE-A72D-B806D2F20297}.Release|Any CPU.ActiveCfg = Release|Any CPU
		{039F11AE-F40F-45CE-A72D-B806D2F20297}.Release|Any CPU.Build.0 = Release|Any CPU
	EndGlobalSection
	GlobalSection(SolutionProperties) = preSolution
		HideSolutionNode = FALSE
	EndGlobalSection
	GlobalSection(ExtensibilityGlobals) = postSolution
		SolutionGuid = {B184B1A9-7A38-43AE-9E82-E0C045A187CF}
	EndGlobalSection
EndGlobal
